# THIS IS AN AUTOGENERATED FILE. DO NOT EDIT THIS FILE DIRECTLY.
# yarn lockfile v1


"@napi-rs/canvas-android-arm64@0.1.76":
  version "0.1.76"
  resolved "https://registry.yarnpkg.com/@napi-rs/canvas-android-arm64/-/canvas-android-arm64-0.1.76.tgz#83f91a0e4e0286d9dab654954b3883d6f84392c3"
  integrity sha512-7EAfkLBQo2QoEzpHdInFbfEUYTXsiO2hvtFo1D9zfTzcQM8n5piZdOpJ3EIkmpe8yLoSV8HLyUQtq4bv11x6Tg==

"@napi-rs/canvas-darwin-arm64@0.1.76":
  version "0.1.76"
  resolved "https://registry.npmjs.org/@napi-rs/canvas-darwin-arm64/-/canvas-darwin-arm64-0.1.76.tgz"
  integrity sha512-Cs8WRMzaWSJWeWY8tvnCe+TuduHUbB0xFhZ0FmOrNy2prPxT4A6aU3FQu8hR9XJw8kKZ7v902wzaDmy9SdhG8A==

"@napi-rs/canvas-darwin-x64@0.1.76":
  version "0.1.76"
  resolved "https://registry.yarnpkg.com/@napi-rs/canvas-darwin-x64/-/canvas-darwin-x64-0.1.76.tgz#612ba29d09787134e767538184555615c6684ed1"
  integrity sha512-ya+T6gV9XAq7YAnMa2fKhWXAuRR5cpRny2IoHacoMxgtOARnUkJO/k3hIb52FtMoq7UxLi5+IFGVHU6ZiMu4Ag==

"@napi-rs/canvas-linux-arm-gnueabihf@0.1.76":
  version "0.1.76"
  resolved "https://registry.yarnpkg.com/@napi-rs/canvas-linux-arm-gnueabihf/-/canvas-linux-arm-gnueabihf-0.1.76.tgz#f7ad2afe29768c8b605fafe22d819f0a0d210f82"
  integrity sha512-fgnPb+FKVuixACvkHGldJqYXExORBwvqGgL0K80uE6SGH2t0UKD2auHw2CtBy14DUzfg82PkupO2ix2w7kB+Xw==

"@napi-rs/canvas-linux-arm64-gnu@0.1.76":
  version "0.1.76"
  resolved "https://registry.yarnpkg.com/@napi-rs/canvas-linux-arm64-gnu/-/canvas-linux-arm64-gnu-0.1.76.tgz#3f816b8792520a6969a9a21664df3359a430f43a"
  integrity sha512-r8OxIenvBPOa4I014k1ZWTCz2dB0ZTsxMP7+ovMOKO7jkl1Z+YZo2OTAqxArpMhN0wdEeI3Lw9zUcn2HgwEgDA==

"@napi-rs/canvas-linux-arm64-musl@0.1.76":
  version "0.1.76"
  resolved "https://registry.yarnpkg.com/@napi-rs/canvas-linux-arm64-musl/-/canvas-linux-arm64-musl-0.1.76.tgz#81213c22769e42a69dda0a1f56ea0a184b0abcd8"
  integrity sha512-smxwzKfHYaOYG7QXUuDPrFEC7WqjL3Lx4AM6mk8/FxDAS+8o0eoZJwSu+zXsaBLimEQUozEYgEGtJ2JJ0RdL4A==

"@napi-rs/canvas-linux-riscv64-gnu@0.1.76":
  version "0.1.76"
  resolved "https://registry.yarnpkg.com/@napi-rs/canvas-linux-riscv64-gnu/-/canvas-linux-riscv64-gnu-0.1.76.tgz#72982152184ff95391397d8dc1a94cf142207ad1"
  integrity sha512-G2PsFwsP+r4syEoNLStV3n1wtNAClwf8s/qB57bexG08R4f4WaiBd+x+d4iYS0Y5o90YIEm8/ewZn4bLIa0wNQ==

"@napi-rs/canvas-linux-x64-gnu@0.1.76":
  version "0.1.76"
  resolved "https://registry.yarnpkg.com/@napi-rs/canvas-linux-x64-gnu/-/canvas-linux-x64-gnu-0.1.76.tgz#64fc046b875be2a4ff122496fa8fea41bff25c7b"
  integrity sha512-SNK+vgge4DnuONYdYE3Y09LivGgUiUPQDU+PdGNZJIzIi0hRDLcA59eag8LGeQfPmJW84c1aZD04voihybKFog==

"@napi-rs/canvas-linux-x64-musl@0.1.76":
  version "0.1.76"
  resolved "https://registry.yarnpkg.com/@napi-rs/canvas-linux-x64-musl/-/canvas-linux-x64-musl-0.1.76.tgz#f5c2ef0108fea010380d207cff9091e41b4f60d2"
  integrity sha512-tWHLBI9iVoR1NsfpHz1MGERTkqcca8akbH/CzX6JQUNC+lJOeYYXeRuK8hKqMIg1LI+4QOMAtHNVeZu8NvjEug==

"@napi-rs/canvas-win32-x64-msvc@0.1.76":
  version "0.1.76"
  resolved "https://registry.yarnpkg.com/@napi-rs/canvas-win32-x64-msvc/-/canvas-win32-x64-msvc-0.1.76.tgz#51dddcf3c0211d24eb0400b67cc8e9b595f3d906"
  integrity sha512-ifM5HOGw2hP5QLQzCB41Riw3Pq5yKAAjZpn+lJC0sYBmyS2s/Kq6KpTOKxf0CuptkI1wMcRcYQfhLRdeWiYvIg==

"@napi-rs/canvas@^0.1.74":
  version "0.1.76"
  resolved "https://registry.npmjs.org/@napi-rs/canvas/-/canvas-0.1.76.tgz"
  integrity sha512-YIk5okeNN53GzjvWmAyCQFE9xrLeQXzYpudX4TiLvqaz9SqXgIgxIuKPe4DKyB5nccsQMIev7JGKTzZaN5rFdw==
  optionalDependencies:
    "@napi-rs/canvas-android-arm64" "0.1.76"
    "@napi-rs/canvas-darwin-arm64" "0.1.76"
    "@napi-rs/canvas-darwin-x64" "0.1.76"
    "@napi-rs/canvas-linux-arm-gnueabihf" "0.1.76"
    "@napi-rs/canvas-linux-arm64-gnu" "0.1.76"
    "@napi-rs/canvas-linux-arm64-musl" "0.1.76"
    "@napi-rs/canvas-linux-riscv64-gnu" "0.1.76"
    "@napi-rs/canvas-linux-x64-gnu" "0.1.76"
    "@napi-rs/canvas-linux-x64-musl" "0.1.76"
    "@napi-rs/canvas-win32-x64-msvc" "0.1.76"

csstype@^3.1.3:
  version "3.1.3"
  resolved "https://registry.npmjs.org/csstype/-/csstype-3.1.3.tgz"
  integrity sha512-M1uQkMl8rQK/szD0LNhtqxIPLpimGm8sOBwU7lLnCpSbTyY3yeU1Vc7l4KT5zT4s/yOxHH5O7tIuuLOCnLADRw==

goober@^2.1.16:
  version "2.1.16"
  resolved "https://registry.npmjs.org/goober/-/goober-2.1.16.tgz"
  integrity sha512-erjk19y1U33+XAMe1VTvIONHYoSqE4iS7BYUZfHaqeohLmnC0FdxEh7rQU+6MZ4OajItzjZFSRtVANrQwNq6/g==

pdfjs-dist@^5.4.54:
  version "5.4.54"
  resolved "https://registry.npmjs.org/pdfjs-dist/-/pdfjs-dist-5.4.54.tgz"
  integrity sha512-TBAiTfQw89gU/Z4LW98Vahzd2/LoCFprVGvGbTgFt+QCB1F+woyOPmNNVgLa6djX9Z9GGTnj7qE1UzpOVJiINw==
  optionalDependencies:
    "@napi-rs/canvas" "^0.1.74"

react-hot-toast@^2.5.2:
  version "2.5.2"
  resolved "https://registry.yarnpkg.com/react-hot-toast/-/react-hot-toast-2.5.2.tgz#b55328966a26add56513e2dc1682e2cb4753c244"
  integrity sha512-Tun3BbCxzmXXM7C+NI4qiv6lT0uwGh4oAfeJyNOjYUejTsm35mK9iCaYLGv8cBz9L5YxZLx/2ii7zsIwPtPUdw==
  dependencies:
    csstype "^3.1.3"
    goober "^2.1.16"

typescript@^5.8.3:
  version "5.8.3"
  resolved "https://registry.npmjs.org/typescript/-/typescript-5.8.3.tgz"
  integrity sha512-p1diW6TqL9L07nNxvRMM7hMMw4c5XOo/1ibL4aAIGmSAt9slTE1Xgw5KWuof2uTOvCg9BY7ZRi+GaF+7sfgPeQ==
